// !$*UTF8*$!
{
	archiveVersion = 1;
	classes = {
	};
	objectVersion = 50;
	objects = {

/* Begin PBXBuildFile section */
		CCE3DD5B211C9B8F00BADF7F /* AppDelegate.swift in Sources */ = {isa = PBXBuildFile; fileRef = CCE3DD5A211C9B8F00BADF7F /* AppDelegate.swift */; };
		CCE3DD5D211C9B8F00BADF7F /* ViewController.swift in Sources */ = {isa = PBXBuildFile; fileRef = CCE3DD5C211C9B8F00BADF7F /* ViewController.swift */; };
		CCE3DD60211C9B8F00BADF7F /* Main.storyboard in Resources */ = {isa = PBXBuildFile; fileRef = CCE3DD5E211C9B8F00BADF7F /* Main.storyboard */; };
		CCE3DD62211C9B8F00BADF7F /* Assets.xcassets in Resources */ = {isa = PBXBuildFile; fileRef = CCE3DD61211C9B8F00BADF7F /* Assets.xcassets */; };
		CCE3DD65211C9B8F00BADF7F /* LaunchScreen.storyboard in Resources */ = {isa = PBXBuildFile; fileRef = CCE3DD63211C9B8F00BADF7F /* LaunchScreen.storyboard */; };
/* End PBXBuildFile section */

/* Begin PBXFileReference section */
		CCE3DD57211C9B8E00BADF7F /* baitapngay1_2.app */ = {isa = PBXFileReference; explicitFileType = wrapper.application; includeInIndex = 0; path = baitapngay1_2.app; sourceTree = BUILT_PRODUCTS_DIR; };
		CCE3DD5A211C9B8F00BADF7F /* AppDelegate.swift */ = {isa = PBXFileReference; lastKnownFileType = sourcecode.swift; path = AppDelegate.swift; sourceTree = "<group>"; };
		CCE3DD5C211C9B8F00BADF7F /* ViewController.swift */ = {isa = PBXFileReference; lastKnownFileType = sourcecode.swift; path = ViewController.swift; sourceTree = "<group>"; };
		CCE3DD5F211C9B8F00BADF7F /* Base */ = {isa = PBXFileReference; lastKnownFileType = file.storyboard; name = Base; path = Base.lproj/Main.storyboard; sourceTree = "<group>"; };
		CCE3DD61211C9B8F00BADF7F /* Assets.xcassets */ = {isa = PBXFileReference; lastKnownFileType = folder.assetcatalog; path = Assets.xcassets; sourceTree = "<group>"; };
		CCE3DD64211C9B8F00BADF7F /* Base */ = {isa = PBXFileReference; lastKnownFileType = file.storyboard; name = Base; path = Base.lproj/LaunchScreen.storyboard; sourceTree = "<group>"; };
		CCE3DD66211C9B8F00BADF7F /* Info.plist */ = {isa = PBXFileReference; lastKnownFileType = text.plist.xml; path = Info.plist; sourceTree = "<group>"; };
/* End PBXFileReference section */

/* Begin PBXFrameworksBuildPhase section */
		CCE3DD54211C9B8E00BADF7F /* Frameworks */ = {
			isa = PBXFrameworksBuildPhase;
			buildActionMask = 2147483647;
			files = (
			);
			runOnlyForDeploymentPostprocessing = 0;
		};
/* End PBXFrameworksBuildPhase section */

/* Begin PBXGroup section */
		CCE3DD4E211C9B8E00BADF7F = {
			isa = PBXGroup;
			children = (
				CCE3DD59211C9B8E00BADF7F /* baitapngay1_2 */,
				CCE3DD58211C9B8E00BADF7F /* Products */,
			);
			sourceTree = "<group>";
		};
		CCE3DD58211C9B8E00BADF7F /* Products */ = {
			isa = PBXGroup;
			children = (
				CCE3DD57211C9B8E00BADF7F /* baitapngay1_2.app */,
			);
			name = Products;
			sourceTree = "<group>";
		};
		CCE3DD59211C9B8E00BADF7F /* baitapngay1_2 */ = {
			isa = PBXGroup;
			children = (
				CCE3DD5A211C9B8F00BADF7F /* AppDelegate.swift */,
				CCE3DD5C211C9B8F00BADF7F /* ViewController.swift */,
				CCE3DD5E211C9B8F00BADF7F /* Main.storyboard */,
				CCE3DD61211C9B8F00BADF7F /* Assets.xcassets */,
				CCE3DD63211C9B8F00BADF7F /* LaunchScreen.storyboard */,
				CCE3DD66211C9B8F00BADF7F /* Info.plist */,
			);
			path = baitapngay1_2;
			sourceTree = "<group>";
		};
/* End PBXGroup section */

/* Begin PBXNativeTarget section */
		CCE3DD56211C9B8E00BADF7F /* baitapngay1_2 */ = {
			isa = PBXNativeTarget;
			buildConfigurationList = CCE3DD69211C9B8F00BADF7F /* Build configuration list for PBXNativeTarget "baitapngay1_2" */;
			buildPhases = (
				CCE3DD53211C9B8E00BADF7F /* Sources */,
				CCE3DD54211C9B8E00BADF7F /* Frameworks */,
				CCE3DD55211C9B8E00BADF7F /* Resources */,
			);
			buildRules = (
			);
			dependencies = (
			);
			name = baitapngay1_2;
			productName = baitapngay1_2;
			productReference = CCE3DD57211C9B8E00BADF7F /* baitapngay1_2.app */;
			productType = "com.apple.product-type.application";
		};
/* End PBXNativeTarget section */

/* Begin PBXProject section */
		CCE3DD4F211C9B8E00BADF7F /* Project object */ = {
			isa = PBXProject;
			attributes = {
				LastSwiftUpdateCheck = 0940;
				LastUpgradeCheck = 0940;
				ORGANIZATIONNAME = com.nguyenhieu.demo;
				TargetAttributes = {
					CCE3DD56211C9B8E00BADF7F = {
						CreatedOnToolsVersion = 9.4.1;
					};
				};
			};
			buildConfigurationList = CCE3DD52211C9B8E00BADF7F /* Build configuration list for PBXProject "baitapngay1_2" */;
			compatibilityVersion = "Xcode 9.3";
			developmentRegion = en;
			hasScannedForEncodings = 0;
			knownRegions = (
				en,
				Base,
			);
			mainGroup = CCE3DD4E211C9B8E00BADF7F;
			productRefGroup = CCE3DD58211C9B8E00BADF7F /* Products */;
			projectDirPath = "";
			projectRoot = "";
			targets = (
				CCE3DD56211C9B8E00BADF7F /* baitapngay1_2 */,
			);
		};
/* End PBXProject section */

/* Begin PBXResourcesBuildPhase section */
		CCE3DD55211C9B8E00BADF7F /* Resources */ = {
			isa = PBXResourcesBuildPhase;
			buildActionMask = 2147483647;
			files = (
				CCE3DD65211C9B8F00BADF7F /* LaunchScreen.storyboard in Resources */,
				CCE3DD62211C9B8F00BADF7F /* Assets.xcassets in Resources */,
				CCE3DD60211C9B8F00BADF7F /* Main.storyboard in Resources */,
			);
			runOnlyForDeploymentPostprocessing = 0;
		};
/* End PBXResourcesBuildPhase section */

/* Begin PBXSourcesBuildPhase section */
		CCE3DD53211C9B8E00BADF7F /* Sources */ = {
			isa = PBXSourcesBuildPhase;
			buildActionMask = 2147483647;
			files = (
				CCE3DD5D211C9B8F00BADF7F /* ViewController.swift in Sources */,
				CCE3DD5B211C9B8F00BADF7F /* AppDelegate.swift in Sources */,
			);
			runOnlyForDeploymentPostprocessing = 0;
		};
/* End PBXSourcesBuildPhase section */

/* Begin PBXVariantGroup section */
		CCE3DD5E211C9B8F00BADF7F /* Main.storyboard */ = {
			isa = PBXVariantGroup;
			children = (
				CCE3DD5F211C9B8F00BADF7F /* Base */,
			);
			name = Main.storyboard;
			sourceTree = "<group>";
		};
		CCE3DD63211C9B8F00BADF7F /* LaunchScreen.storyboard */ = {
			isa = PBXVariantGroup;
			children = (
				CCE3DD64211C9B8F00BADF7F /* Base */,
			);
			name = LaunchScreen.storyboard;
			sourceTree = "<group>";
		};
/* End PBXVariantGroup section */

/* Begin XCBuildConfiguration section */
		CCE3DD67211C9B8F00BADF7F /* Debug */ = {
			isa = XCBuildConfiguration;
			buildSettings = {
				ALWAYS_SEARCH_USER_PATHS = NO;
				CLANG_ANALYZER_NONNULL = YES;
				CLANG_ANALYZER_NUMBER_OBJECT_CONVERSION = YES_AGGRESSIVE;
				CLANG_CXX_LANGUAGE_STANDARD = "gnu++14";
				CLANG_CXX_LIBRARY = "libc++";
				CLANG_ENABLE_MODULES = YES;
				CLANG_ENABLE_OBJC_ARC = YES;
				CLANG_ENABLE_OBJC_WEAK = YES;
				CLANG_WARN_BLOCK_CAPTURE_AUTORELEASING = YES;
				CLANG_WARN_BOOL_CONVERSION = YES;
				CLANG_WARN_COMMA = YES;
				CLANG_WARN_CONSTANT_CONVERSION = YES;
				CLANG_WARN_DEPRECATED_OBJC_IMPLEMENTATIONS = YES;
				CLANG_WARN_DIRECT_OBJC_ISA_USAGE = YES_ERROR;
				CLANG_WARN_DOCUMENTATION_COMMENTS = YES;
				CLANG_WARN_EMPTY_BODY = YES;
				CLANG_WARN_ENUM_CONVERSION = YES;
				CLANG_WARN_INFINITE_RECURSION = YES;
				CLANG_WARN_INT_CONVERSION = YES;
				CLANG_WARN_NON_LITERAL_NULL_CONVERSION = YES;
				CLANG_WARN_OBJC_IMPLICIT_RETAIN_SELF = YES;
				CLANG_WARN_OBJC_LITERAL_CONVERSION = YES;
				CLANG_WARN_OBJC_ROOT_CLASS = YES_ERROR;
				CLANG_WARN_RANGE_LOOP_ANALYSIS = YES;
				CLANG_WARN_STRICT_PROTOTYPES = YES;
				CLANG_WARN_SUSPICIOUS_MOVE = YES;
				CLANG_WARN_UNGUARDED_AVAILABILITY = YES_AGGRESSIVE;
				CLANG_WARN_UNREACHABLE_CODE = YES;
				CLANG_WARN__DUPLICATE_METHOD_MATCH = YES;
				CODE_SIGN_IDENTITY = "iPhone Developer";
				COPY_PHASE_STRIP = NO;
				DEBUG_INFORMATION_FORMAT = dwarf;
				ENABLE_STRICT_OBJC_MSGSEND = YES;
				ENABLE_TESTABILITY = YES;
				GCC_C_LANGUAGE_STANDARD = gnu11;
				GCC_DYNAMIC_NO_PIC = NO;
				GCC_NO_COMMON_BLOCKS = YES;
				GCC_OPTIMIZATION_LEVEL = 0;
				GCC_PREPROCESSOR_DEFINITIONS = (
					"DEBUG=1",
					"$(inherited)",
				);
				GCC_WARN_64_TO_32_BIT_CONVERSION = YES;
				GCC_WARN_ABOUT_RETURN_TYPE = YES_ERROR;
				GCC_WARN_UNDECLARED_SELECTOR = YES;
				GCC_WARN_UNINITIALIZED_AUTOS = YES_AGGRESSIVE;
				GCC_WARN_UNUSED_FUNCTION = YES;
				GCC_WARN_UNUSED_VARIABLE = YES;
				IPHONEOS_DEPLOYMENT_TARGET = 11.4;
				MTL_ENABLE_DEBUG_INFO = YES;
				ONLY_ACTIVE_ARCH = YES;
				SDKROOT = iphoneos;
				SWIFT_ACTIVE_COMPILATION_CONDITIONS = DEBUG;
				SWIFT_OPTIMIZATION_LEVEL = "-Onone";
			};
			name = Debug;
		};
		CCE3DD68211C9B8F00BADF7F /* Release */ = {
			isa = XCBuildConfiguration;
			buildSettings = {
				ALWAYS_SEARCH_USER_PATHS = NO;
				CLANG_ANALYZER_NONNULL = YES;
				CLANG_ANALYZER_NUMBER_OBJECT_CONVERSION = YES_AGGRESSIVE;
				CLANG_CXX_LANGUAGE_STANDARD = "gnu++14";
				CLANG_CXX_LIBRARY = "libc++";
				CLANG_ENABLE_MODULES = YES;
				CLANG_ENABLE_OBJC_ARC = YES;
				CLANG_ENABLE_OBJC_WEAK = YES;
				CLANG_WARN_BLOCK_CAPTURE_AUTORELEASING = YES;
				CLANG_WARN_BOOL_CONVERSION = YES;
				CLANG_WARN_COMMA = YES;
				CLANG_WARN_CONSTANT_CONVERSION = YES;
				CLANG_WARN_DEPRECATED_OBJC_IMPLEMENTATIONS = YES;
				CLANG_WARN_DIRECT_OBJC_ISA_USAGE = YES_ERROR;
				CLANG_WARN_DOCUMENTATION_COMMENTS = YES;
				CLANG_WARN_EMPTY_BODY = YES;
				CLANG_WARN_ENUM_CONVERSION = YES;
				CLANG_WARN_INFINITE_RECURSION = YES;
				CLANG_WARN_INT_CONVERSION = YES;
				CLANG_WARN_NON_LITERAL_NULL_CONVERSION = YES;
				CLANG_WARN_OBJC_IMPLICIT_RETAIN_SELF = YES;
				CLANG_WARN_OBJC_LITERAL_CONVERSION = YES;
				CLANG_WARN_OBJC_ROOT_CLASS = YES_ERROR;
				CLANG_WARN_RANGE_LOOP_ANALYSIS = YES;
				CLANG_WARN_STRICT_PROTOTYPES = YES;
				CLANG_WARN_SUSPICIOUS_MOVE = YES;
				CLANG_WARN_UNGUARDED_AVAILABILITY = YES_AGGRESSIVE;
				CLANG_WARN_UNREACHABLE_CODE = YES;
				CLANG_WARN__DUPLICATE_METHOD_MATCH = YES;
				CODE_SIGN_IDENTITY = "iPhone Developer";
				COPY_PHASE_STRIP = NO;
				DEBUG_INFORMATION_FORMAT = "dwarf-with-dsym";
				ENABLE_NS_ASSERTIONS = NO;
				ENABLE_STRICT_OBJC_MSGSEND = YES;
				GCC_C_LANGUAGE_STANDARD = gnu11;
				GCC_NO_COMMON_BLOCKS = YES;
				GCC_WARN_64_TO_32_BIT_CONVERSION = YES;
				GCC_WARN_ABOUT_RETURN_TYPE = YES_ERROR;
				GCC_WARN_UNDECLARED_SELECTOR = YES;
				GCC_WARN_UNINITIALIZED_AUTOS = YES_AGGRESSIVE;
				GCC_WARN_UNUSED_FUNCTION = YES;
				GCC_WARN_UNUSED_VARIABLE = YES;
				IPHONEOS_DEPLOYMENT_TARGET = 11.4;
				MTL_ENABLE_DEBUG_INFO = NO;
				SDKROOT = iphoneos;
				SWIFT_COMPILATION_MODE = wholemodule;
				SWIFT_OPTIMIZATION_LEVEL = "-O";
				VALIDATE_PRODUCT = YES;
			};
			name = Release;
		};
		CCE3DD6A211C9B8F00BADF7F /* Debug */ = {
			isa = XCBuildConfiguration;
			buildSettings = {
				ASSETCATALOG_COMPILER_APPICON_NAME = AppIcon;
				CODE_SIGN_STYLE = Automatic;
				DEVELOPMENT_TEAM = A7R3F3G78W;
				INFOPLIST_FILE = baitapngay1_2/Info.plist;
				LD_RUNPATH_SEARCH_PATHS = (
					"$(inherited)",
					"@executable_path/Frameworks",
				);
				PRODUCT_BUNDLE_IDENTIFIER = "TuHocSwift.baitapngay1-2";
				PRODUCT_NAME = "$(TARGET_NAME)";
				SWIFT_VERSION = 4.0;
				TARGETED_DEVICE_FAMILY = "1,2";
			};
			name = Debug;
		};
		CCE3DD6B211C9B8F00BADF7F /* Release */ = {
			isa = XCBuildConfiguration;
			buildSettings = {
				ASSETCATALOG_COMPILER_APPICON_NAME = AppIcon;
				CODE_SIGN_STYLE = Automatic;
				DEVELOPMENT_TEAM = A7R3F3G78W;
				INFOPLIST_FILE = baitapngay1_2/Info.plist;
				LD_RUNPATH_SEARCH_PATHS = (
					"$(inherited)",
					"@executable_path/Frameworks",
				);
				PRODUCT_BUNDLE_IDENTIFIER = "TuHocSwift.baitapngay1-2";
				PRODUCT_NAME = "$(TARGET_NAME)";
				SWIFT_VERSION = 4.0;
				TARGETED_DEVICE_FAMILY = "1,2";
			};
			name = Release;
		};
/* End XCBuildConfiguration section */

/* Begin XCConfigurationList section */
		CCE3DD52211C9B8E00BADF7F /* Build configuration list for PBXProject "baitapngay1_2" */ = {
			isa = XCConfigurationList;
			buildConfigurations = (
				CCE3DD67211C9B8F00BADF7F /* Debug */,
				CCE3DD68211C9B8F00BADF7F /* Release */,
			);
			defaultConfigurationIsVisible = 0;
			defaultConfigurationName = Release;
		};
		CCE3DD69211C9B8F00BADF7F /* Build configuration list for PBXNativeTarget "baitapngay1_2" */ = {
			isa = XCConfigurationList;
			buildConfigurations = (
				CCE3DD6A211C9B8F00BADF7F /* Debug */,
				CCE3DD6B211C9B8F00BADF7F /* Release */,
			);
			defaultConfigurationIsVisible = 0;
			defaultConfigurationName = Release;
		};
/* End XCConfigurationList section */
	};
	rootObject = CCE3DD4F211C9B8E00BADF7F /* Project object */;
}
