// !$*UTF8*$!
{
	archiveVersion = 1;
	classes = {
	};
	objectVersion = 46;
	objects = {

/* Begin PBXBuildFile section */
		AA1BAC721DA26D5500204340 /* AppDelegate.swift in Sources */ = {isa = PBXBuildFile; fileRef = AA1BAC711DA26D5500204340 /* AppDelegate.swift */; };
		AA1BAC741DA26D5500204340 /* ViewController.swift in Sources */ = {isa = PBXBuildFile; fileRef = AA1BAC731DA26D5500204340 /* ViewController.swift */; };
		AA1BAC771DA26D5500204340 /* Main.storyboard in Resources */ = {isa = PBXBuildFile; fileRef = AA1BAC751DA26D5500204340 /* Main.storyboard */; };
		AA1BAC791DA26D5500204340 /* Assets.xcassets in Resources */ = {isa = PBXBuildFile; fileRef = AA1BAC781DA26D5500204340 /* Assets.xcassets */; };
		AA1BAC7C1DA26D5500204340 /* LaunchScreen.storyboard in Resources */ = {isa = PBXBuildFile; fileRef = AA1BAC7A1DA26D5500204340 /* LaunchScreen.storyboard */; };
/* End PBXBuildFile section */

/* Begin PBXFileReference section */
		AA1BAC6E1DA26D5500204340 /* GET-POST.app */ = {isa = PBXFileReference; explicitFileType = wrapper.application; includeInIndex = 0; path = "GET-POST.app"; sourceTree = BUILT_PRODUCTS_DIR; };
		AA1BAC711DA26D5500204340 /* AppDelegate.swift */ = {isa = PBXFileReference; lastKnownFileType = sourcecode.swift; path = AppDelegate.swift; sourceTree = "<group>"; };
		AA1BAC731DA26D5500204340 /* ViewController.swift */ = {isa = PBXFileReference; lastKnownFileType = sourcecode.swift; path = ViewController.swift; sourceTree = "<group>"; };
		AA1BAC761DA26D5500204340 /* Base */ = {isa = PBXFileReference; lastKnownFileType = file.storyboard; name = Base; path = Base.lproj/Main.storyboard; sourceTree = "<group>"; };
		AA1BAC781DA26D5500204340 /* Assets.xcassets */ = {isa = PBXFileReference; lastKnownFileType = folder.assetcatalog; path = Assets.xcassets; sourceTree = "<group>"; };
		AA1BAC7B1DA26D5500204340 /* Base */ = {isa = PBXFileReference; lastKnownFileType = file.storyboard; name = Base; path = Base.lproj/LaunchScreen.storyboard; sourceTree = "<group>"; };
		AA1BAC7D1DA26D5500204340 /* Info.plist */ = {isa = PBXFileReference; lastKnownFileType = text.plist.xml; path = Info.plist; sourceTree = "<group>"; };
/* End PBXFileReference section */

/* Begin PBXFrameworksBuildPhase section */
		AA1BAC6B1DA26D5500204340 /* Frameworks */ = {
			isa = PBXFrameworksBuildPhase;
			buildActionMask = 2147483647;
			files = (
			);
			runOnlyForDeploymentPostprocessing = 0;
		};
/* End PBXFrameworksBuildPhase section */

/* Begin PBXGroup section */
		AA1BAC651DA26D5500204340 = {
			isa = PBXGroup;
			children = (
				AA1BAC701DA26D5500204340 /* GET-POST */,
				AA1BAC6F1DA26D5500204340 /* Products */,
			);
			sourceTree = "<group>";
		};
		AA1BAC6F1DA26D5500204340 /* Products */ = {
			isa = PBXGroup;
			children = (
				AA1BAC6E1DA26D5500204340 /* GET-POST.app */,
			);
			name = Products;
			sourceTree = "<group>";
		};
		AA1BAC701DA26D5500204340 /* GET-POST */ = {
			isa = PBXGroup;
			children = (
				AA1BAC711DA26D5500204340 /* AppDelegate.swift */,
				AA1BAC731DA26D5500204340 /* ViewController.swift */,
				AA1BAC751DA26D5500204340 /* Main.storyboard */,
				AA1BAC781DA26D5500204340 /* Assets.xcassets */,
				AA1BAC7A1DA26D5500204340 /* LaunchScreen.storyboard */,
				AA1BAC7D1DA26D5500204340 /* Info.plist */,
			);
			path = "GET-POST";
			sourceTree = "<group>";
		};
/* End PBXGroup section */

/* Begin PBXNativeTarget section */
		AA1BAC6D1DA26D5500204340 /* GET-POST */ = {
			isa = PBXNativeTarget;
			buildConfigurationList = AA1BAC801DA26D5500204340 /* Build configuration list for PBXNativeTarget "GET-POST" */;
			buildPhases = (
				AA1BAC6A1DA26D5500204340 /* Sources */,
				AA1BAC6B1DA26D5500204340 /* Frameworks */,
				AA1BAC6C1DA26D5500204340 /* Resources */,
			);
			buildRules = (
			);
			dependencies = (
			);
			name = "GET-POST";
			productName = "GET-POST";
			productReference = AA1BAC6E1DA26D5500204340 /* GET-POST.app */;
			productType = "com.apple.product-type.application";
		};
/* End PBXNativeTarget section */

/* Begin PBXProject section */
		AA1BAC661DA26D5500204340 /* Project object */ = {
			isa = PBXProject;
			attributes = {
				LastSwiftUpdateCheck = 0800;
				LastUpgradeCheck = 0800;
				ORGANIZATIONNAME = datnguyen;
				TargetAttributes = {
					AA1BAC6D1DA26D5500204340 = {
						CreatedOnToolsVersion = 8.0;
						ProvisioningStyle = Automatic;
					};
				};
			};
			buildConfigurationList = AA1BAC691DA26D5500204340 /* Build configuration list for PBXProject "GET-POST" */;
			compatibilityVersion = "Xcode 3.2";
			developmentRegion = English;
			hasScannedForEncodings = 0;
			knownRegions = (
				en,
				Base,
			);
			mainGroup = AA1BAC651DA26D5500204340;
			productRefGroup = AA1BAC6F1DA26D5500204340 /* Products */;
			projectDirPath = "";
			projectRoot = "";
			targets = (
				AA1BAC6D1DA26D5500204340 /* GET-POST */,
			);
		};
/* End PBXProject section */

/* Begin PBXResourcesBuildPhase section */
		AA1BAC6C1DA26D5500204340 /* Resources */ = {
			isa = PBXResourcesBuildPhase;
			buildActionMask = 2147483647;
			files = (
				AA1BAC7C1DA26D5500204340 /* LaunchScreen.storyboard in Resources */,
				AA1BAC791DA26D5500204340 /* Assets.xcassets in Resources */,
				AA1BAC771DA26D5500204340 /* Main.storyboard in Resources */,
			);
			runOnlyForDeploymentPostprocessing = 0;
		};
/* End PBXResourcesBuildPhase section */

/* Begin PBXSourcesBuildPhase section */
		AA1BAC6A1DA26D5500204340 /* Sources */ = {
			isa = PBXSourcesBuildPhase;
			buildActionMask = 2147483647;
			files = (
				AA1BAC741DA26D5500204340 /* ViewController.swift in Sources */,
				AA1BAC721DA26D5500204340 /* AppDelegate.swift in Sources */,
			);
			runOnlyForDeploymentPostprocessing = 0;
		};
/* End PBXSourcesBuildPhase section */

/* Begin PBXVariantGroup section */
		AA1BAC751DA26D5500204340 /* Main.storyboard */ = {
			isa = PBXVariantGroup;
			children = (
				AA1BAC761DA26D5500204340 /* Base */,
			);
			name = Main.storyboard;
			sourceTree = "<group>";
		};
		AA1BAC7A1DA26D5500204340 /* LaunchScreen.storyboard */ = {
			isa = PBXVariantGroup;
			children = (
				AA1BAC7B1DA26D5500204340 /* Base */,
			);
			name = LaunchScreen.storyboard;
			sourceTree = "<group>";
		};
/* End PBXVariantGroup section */

/* Begin XCBuildConfiguration section */
		AA1BAC7E1DA26D5500204340 /* Debug */ = {
			isa = XCBuildConfiguration;
			buildSettings = {
				ALWAYS_SEARCH_USER_PATHS = NO;
				CLANG_ANALYZER_NONNULL = YES;
				CLANG_CXX_LANGUAGE_STANDARD = "gnu++0x";
				CLANG_CXX_LIBRARY = "libc++";
				CLANG_ENABLE_MODULES = YES;
				CLANG_ENABLE_OBJC_ARC = YES;
				CLANG_WARN_BOOL_CONVERSION = YES;
				CLANG_WARN_CONSTANT_CONVERSION = YES;
				CLANG_WARN_DIRECT_OBJC_ISA_USAGE = YES_ERROR;
				CLANG_WARN_DOCUMENTATION_COMMENTS = YES;
				CLANG_WARN_EMPTY_BODY = YES;
				CLANG_WARN_ENUM_CONVERSION = YES;
				CLANG_WARN_INFINITE_RECURSION = YES;
				CLANG_WARN_INT_CONVERSION = YES;
				CLANG_WARN_OBJC_ROOT_CLASS = YES_ERROR;
				CLANG_WARN_SUSPICIOUS_MOVES = YES;
				CLANG_WARN_UNREACHABLE_CODE = YES;
				CLANG_WARN__DUPLICATE_METHOD_MATCH = YES;
				"CODE_SIGN_IDENTITY[sdk=iphoneos*]" = "iPhone Developer";
				COPY_PHASE_STRIP = NO;
				DEBUG_INFORMATION_FORMAT = dwarf;
				ENABLE_STRICT_OBJC_MSGSEND = YES;
				ENABLE_TESTABILITY = YES;
				GCC_C_LANGUAGE_STANDARD = gnu99;
				GCC_DYNAMIC_NO_PIC = NO;
				GCC_NO_COMMON_BLOCKS = YES;
				GCC_OPTIMIZATION_LEVEL = 0;
				GCC_PREPROCESSOR_DEFINITIONS = (
					"DEBUG=1",
					"$(inherited)",
				);
				GCC_WARN_64_TO_32_BIT_CONVERSION = YES;
				GCC_WARN_ABOUT_RETURN_TYPE = YES_ERROR;
				GCC_WARN_UNDECLARED_SELECTOR = YES;
				GCC_WARN_UNINITIALIZED_AUTOS = YES_AGGRESSIVE;
				GCC_WARN_UNUSED_FUNCTION = YES;
				GCC_WARN_UNUSED_VARIABLE = YES;
				IPHONEOS_DEPLOYMENT_TARGET = 10.0;
				MTL_ENABLE_DEBUG_INFO = YES;
				ONLY_ACTIVE_ARCH = YES;
				SDKROOT = iphoneos;
				SWIFT_ACTIVE_COMPILATION_CONDITIONS = DEBUG;
				SWIFT_OPTIMIZATION_LEVEL = "-Onone";
				TARGETED_DEVICE_FAMILY = "1,2";
			};
			name = Debug;
		};
		AA1BAC7F1DA26D5500204340 /* Release */ = {
			isa = XCBuildConfiguration;
			buildSettings = {
				ALWAYS_SEARCH_USER_PATHS = NO;
				CLANG_ANALYZER_NONNULL = YES;
				CLANG_CXX_LANGUAGE_STANDARD = "gnu++0x";
				CLANG_CXX_LIBRARY = "libc++";
				CLANG_ENABLE_MODULES = YES;
				CLANG_ENABLE_OBJC_ARC = YES;
				CLANG_WARN_BOOL_CONVERSION = YES;
				CLANG_WARN_CONSTANT_CONVERSION = YES;
				CLANG_WARN_DIRECT_OBJC_ISA_USAGE = YES_ERROR;
				CLANG_WARN_DOCUMENTATION_COMMENTS = YES;
				CLANG_WARN_EMPTY_BODY = YES;
				CLANG_WARN_ENUM_CONVERSION = YES;
				CLANG_WARN_INFINITE_RECURSION = YES;
				CLANG_WARN_INT_CONVERSION = YES;
				CLANG_WARN_OBJC_ROOT_CLASS = YES_ERROR;
				CLANG_WARN_SUSPICIOUS_MOVES = YES;
				CLANG_WARN_UNREACHABLE_CODE = YES;
				CLANG_WARN__DUPLICATE_METHOD_MATCH = YES;
				"CODE_SIGN_IDENTITY[sdk=iphoneos*]" = "iPhone Developer";
				COPY_PHASE_STRIP = NO;
				DEBUG_INFORMATION_FORMAT = "dwarf-with-dsym";
				ENABLE_NS_ASSERTIONS = NO;
				ENABLE_STRICT_OBJC_MSGSEND = YES;
				GCC_C_LANGUAGE_STANDARD = gnu99;
				GCC_NO_COMMON_BLOCKS = YES;
				GCC_WARN_64_TO_32_BIT_CONVERSION = YES;
				GCC_WARN_ABOUT_RETURN_TYPE = YES_ERROR;
				GCC_WARN_UNDECLARED_SELECTOR = YES;
				GCC_WARN_UNINITIALIZED_AUTOS = YES_AGGRESSIVE;
				GCC_WARN_UNUSED_FUNCTION = YES;
				GCC_WARN_UNUSED_VARIABLE = YES;
				IPHONEOS_DEPLOYMENT_TARGET = 10.0;
				MTL_ENABLE_DEBUG_INFO = NO;
				SDKROOT = iphoneos;
				SWIFT_OPTIMIZATION_LEVEL = "-Owholemodule";
				TARGETED_DEVICE_FAMILY = "1,2";
				VALIDATE_PRODUCT = YES;
			};
			name = Release;
		};
		AA1BAC811DA26D5500204340 /* Debug */ = {
			isa = XCBuildConfiguration;
			buildSettings = {
				ASSETCATALOG_COMPILER_APPICON_NAME = AppIcon;
				INFOPLIST_FILE = "GET-POST/Info.plist";
				LD_RUNPATH_SEARCH_PATHS = "$(inherited) @executable_path/Frameworks";
				PRODUCT_BUNDLE_IDENTIFIER = "datnguyen.com.GET-POST";
				PRODUCT_NAME = "$(TARGET_NAME)";
				SWIFT_VERSION = 3.0;
			};
			name = Debug;
		};
		AA1BAC821DA26D5500204340 /* Release */ = {
			isa = XCBuildConfiguration;
			buildSettings = {
				ASSETCATALOG_COMPILER_APPICON_NAME = AppIcon;
				INFOPLIST_FILE = "GET-POST/Info.plist";
				LD_RUNPATH_SEARCH_PATHS = "$(inherited) @executable_path/Frameworks";
				PRODUCT_BUNDLE_IDENTIFIER = "datnguyen.com.GET-POST";
				PRODUCT_NAME = "$(TARGET_NAME)";
				SWIFT_VERSION = 3.0;
			};
			name = Release;
		};
/* End XCBuildConfiguration section */

/* Begin XCConfigurationList section */
		AA1BAC691DA26D5500204340 /* Build configuration list for PBXProject "GET-POST" */ = {
			isa = XCConfigurationList;
			buildConfigurations = (
				AA1BAC7E1DA26D5500204340 /* Debug */,
				AA1BAC7F1DA26D5500204340 /* Release */,
			);
			defaultConfigurationIsVisible = 0;
			defaultConfigurationName = Release;
		};
		AA1BAC801DA26D5500204340 /* Build configuration list for PBXNativeTarget "GET-POST" */ = {
			isa = XCConfigurationList;
			buildConfigurations = (
				AA1BAC811DA26D5500204340 /* Debug */,
				AA1BAC821DA26D5500204340 /* Release */,
			);
			defaultConfigurationIsVisible = 0;
		};
/* End XCConfigurationList section */
	};
	rootObject = AA1BAC661DA26D5500204340 /* Project object */;
}
